
Microsoft Visual Studio Solution File, Format Version 12.00
# Visual Studio Version 17
VisualStudioVersion = 17.14.36408.4 d17.14
MinimumVisualStudioVersion = 10.0.40219.1
Project("{FAE04EC0-301F-11D3-BF4B-00C04F79EFBC}") = "RecordingApp", "RecordingApp.csproj", "{08B58104-D6C0-4573-83A1-8F52D07F0EBD}"
EndProject
Global
	GlobalSection(SolutionConfigurationPlatforms) = preSolution
		Debug|Any CPU = Debug|Any CPU
		Release|Any CPU = Release|Any CPU
	EndGlobalSection
	GlobalSection(ProjectConfigurationPlatforms) = postSolution
		{08B58104-D6C0-4573-83A1-8F52D07F0EBD}.Debug|Any CPU.ActiveCfg = Debug|Any CPU
		{08B58104-D6C0-4573-83A1-8F52D07F0EBD}.Debug|Any CPU.Build.0 = Debug|Any CPU
		{08B58104-D6C0-4573-83A1-8F52D07F0EBD}.Release|Any CPU.ActiveCfg = Release|Any CPU
		{08B58104-D6C0-4573-83A1-8F52D07F0EBD}.Release|Any CPU.Build.0 = Release|Any CPU
	EndGlobalSection
	GlobalSection(SolutionProperties) = preSolution
		HideSolutionNode = FALSE
	EndGlobalSection
	GlobalSection(ExtensibilityGlobals) = postSolution
		SolutionGuid = {EB6C3BFA-6598-4164-A0FA-52B8510EB0DD}
	EndGlobalSection
EndGlobal
